{
  "name": "openpgp",
  "lockfileVersion": 3,
  "requires": true,
  "packages": {
    "": {
      "devDependencies": {
        "openpgp": "^6.1.1"
      }
    },
    "node_modules/openpgp": {
      "version": "6.1.1",
      "resolved": "https://registry.npmmirror.com/openpgp/-/openpgp-6.1.1.tgz",
      "integrity": "sha512-V/DXZ5AGCz3q4X8psUSc3q4SxnH/bfICaTSpNcla7wvBFhrxa9/ajm31rtMwZ1qj7Fu2oMpfX6ZcxKmTBlb6Yg==",
      "dev": true,
      "license": "LGPL-3.0+",
      "engines": {
        "node": ">= 18.0.0"
      }
    }
  }
}
