{
  "name": "query",
  "lockfileVersion": 3,
  "requires": true,
  "packages": {
    "": {
      "dependencies": {
        "@jsonquerylang/jsonquery": "^5.0.3",
        "jora": "^1.0.0-beta.13",
        "js-yaml": "^4.1.0",
        "json-query": "^2.2.2",
        "lodash": "^4.17.21"
      }
    },
    "node_modules/@discoveryjs/natural-compare": {
      "version": "1.1.0",
      "resolved": "https://registry.npmmirror.com/@discoveryjs/natural-compare/-/natural-compare-1.1.0.tgz",
      "integrity": "sha512-yuctPJs5lRXoI8LkpVZGAV6n+DKOuEsfpfcIDQ8ZjWHwazqk1QjBc4jMlof0UlZHyUqv4dwsOTooMiAmtzvwXA==",
      "license": "MIT",
      "engines": {
        "node": "^10 || ^12.20.0 || ^14.13.0 || >=15.0.0"
      }
    },
    "node_modules/@jsonquerylang/jsonquery": {
      "version": "5.0.3",
      "resolved": "https://registry.npmmirror.com/@jsonquerylang/jsonquery/-/jsonquery-5.0.3.tgz",
      "integrity": "sha512-aH9paBzg4E2Kel/1e04GoqexIcH5tUMp0gdBhrA7aOFL4oJOIzcRv5Bdr31IJlzt+yP7BMJ3/tViSolFL3w8pw==",
      "license": "ISC",
      "bin": {
        "jsonquery": "bin/cli.js"
      }
    },
    "node_modules/argparse": {
      "version": "2.0.1",
      "resolved": "https://registry.npmmirror.com/argparse/-/argparse-2.0.1.tgz",
      "integrity": "sha512-8+9WqebbFzpX9OR+Wa6O29asIogeRMzcGtAINdpMHHyAg10f05aSFVBbcEqGf/PXw1EjAZ+q2/bEBg3DvurK3Q==",
      "license": "Python-2.0"
    },
    "node_modules/jora": {
      "version": "1.0.0-beta.13",
      "resolved": "https://registry.npmmirror.com/jora/-/jora-1.0.0-beta.13.tgz",
      "integrity": "sha512-MzIUKA+t5IUwMsCzhkHCcL4M2xWxNN+3nntFm8q1LEF7jdWWGAL3lAHpnymFmsbxlctrdK8z5B1mx5z5SPDlkQ==",
      "license": "MIT",
      "dependencies": {
        "@discoveryjs/natural-compare": "^1.1.0"
      },
      "engines": {
        "node": "^10.12.0 || ^12.20.0 || ^14.13.0 || >=15.0.0"
      }
    },
    "node_modules/js-yaml": {
      "version": "4.1.0",
      "resolved": "https://registry.npmmirror.com/js-yaml/-/js-yaml-4.1.0.tgz",
      "integrity": "sha512-wpxZs9NoxZaJESJGIZTyDEaYpl0FKSA+FB9aJiyemKhMwkxQg63h4T1KJgUGHpTqPDNRcmmYLugrRjJlBtWvRA==",
      "license": "MIT",
      "dependencies": {
        "argparse": "^2.0.1"
      },
      "bin": {
        "js-yaml": "bin/js-yaml.js"
      }
    },
    "node_modules/json-query": {
      "version": "2.2.2",
      "resolved": "https://registry.npmmirror.com/json-query/-/json-query-2.2.2.tgz",
      "integrity": "sha512-y+IcVZSdqNmS4fO8t1uZF6RMMs0xh3SrTjJr9bp1X3+v0Q13+7Cyv12dSmKwDswp/H427BVtpkLWhGxYu3ZWRA==",
      "engines": {
        "node": "*"
      }
    },
    "node_modules/lodash": {
      "version": "4.17.21",
      "resolved": "https://registry.npmmirror.com/lodash/-/lodash-4.17.21.tgz",
      "integrity": "sha512-v2kDEe57lecTulaDIuNTPy3Ry4gLGJ6Z1O3vE1krgXZNrsQ+LFTGHVxVjcXPs17LhbZVGedAJv8XZ1tvj5FvSg==",
      "license": "MIT"
    }
  }
}
