{
  "name": "did",
  "lockfileVersion": 3,
  "requires": true,
  "packages": {
    "": {
      "dependencies": {
        "dids": "^5.0.2",
        "key-did-provider-ed25519": "^4.0.2",
        "key-did-resolver": "^4.0.0"
      }
    },
    "node_modules/@adraffy/ens-normalize": {
      "version": "1.10.0",
      "resolved": "https://registry.npmmirror.com/@adraffy/ens-normalize/-/ens-normalize-1.10.0.tgz",
      "integrity": "sha512-nA9XHtlAkYfJxY7bce8DcN7eKxWWCWkU+1GR9d+U6MbNpfwQp8TI7vqOsBsMcHoT4mBu2kypKoSKnghEzOOq5Q==",
      "license": "MIT"
    },
    "node_modules/@didtools/cacao": {
      "version": "3.0.1",
      "resolved": "https://registry.npmmirror.com/@didtools/cacao/-/cacao-3.0.1.tgz",
      "integrity": "sha512-vV1JirxqVsBf2dqdvoS/msNN8fabvMfseZB0kf1FG8TbosrHd81+hgDOlQMZit7zJbTk5g3CGkZg3b7iYKkynw==",
      "license": "(Apache-2.0 OR MIT)",
      "dependencies": {
        "@didtools/codecs": "^3.0.0",
        "@didtools/siwx": "2.0.0",
        "@ipld/dag-cbor": "^9.0.7",
        "caip": "^1.1.0",
        "multiformats": "^13.0.0",
        "uint8arrays": "^5.0.1",
        "viem": "^1.21.4"
      },
      "engines": {
        "node": ">=14.14"
      }
    },
    "node_modules/@didtools/codecs": {
      "version": "3.0.0",
      "resolved": "https://registry.npmmirror.com/@didtools/codecs/-/codecs-3.0.0.tgz",
      "integrity": "sha512-TemoVySZrs1XflMtOkwVTATtZEs42Mh2yk9SoYvBXES6Mz30PBJCm8v7U/2y1N5lrjb2cAPWs48Ryc7paetSxQ==",
      "license": "(Apache-2.0 OR MIT)",
      "dependencies": {
        "codeco": "^1.2.0",
        "multiformats": "^13.0.0",
        "uint8arrays": "^5.0.1"
      },
      "engines": {
        "node": ">=14.14"
      }
    },
    "node_modules/@didtools/pkh-ethereum": {
      "version": "0.5.0",
      "resolved": "https://registry.npmmirror.com/@didtools/pkh-ethereum/-/pkh-ethereum-0.5.0.tgz",
      "integrity": "sha512-2S+TS/I2jVTNnkgyslxQvSjCzzLsCabjXD2UWjJnVkAoxeJgPE9GvY1JhTDgvVLfxLPnYwTIP/O1WR9wJcDkFg==",
      "license": "(Apache-2.0 OR MIT)",
      "dependencies": {
        "@didtools/cacao": "^3.0.0",
        "@noble/curves": "^1.2.0",
        "@noble/hashes": "^1.3.2",
        "@stablelib/random": "^1.0.2",
        "caip": "^1.1.0"
      },
      "engines": {
        "node": ">=14.14"
      }
    },
    "node_modules/@didtools/siwx": {
      "version": "2.0.0",
      "resolved": "https://registry.npmmirror.com/@didtools/siwx/-/siwx-2.0.0.tgz",
      "integrity": "sha512-eqBtI5dZrptXTCyadnhvU0di/KvumoByT7F8KB/8BLU7M1lltfEmvf/c5AnsyrWO9338ygCs2u5mKz1p1Zdj5A==",
      "license": "(Apache-2.0 OR MIT)",
      "dependencies": {
        "codeco": "^1.2.0"
      },
      "engines": {
        "node": ">=14.14"
      }
    },
    "node_modules/@ipld/dag-cbor": {
      "version": "9.2.1",
      "resolved": "https://registry.npmmirror.com/@ipld/dag-cbor/-/dag-cbor-9.2.1.tgz",
      "integrity": "sha512-nyY48yE7r3dnJVlxrdaimrbloh4RokQaNRdI//btfTkcTEZbpmSrbYcBQ4VKTf8ZxXAOUJy4VsRpkJo+y9RTnA==",
      "license": "Apache-2.0 OR MIT",
      "dependencies": {
        "cborg": "^4.0.0",
        "multiformats": "^13.1.0"
      },
      "engines": {
        "node": ">=16.0.0",
        "npm": ">=7.0.0"
      }
    },
    "node_modules/@multiformats/base-x": {
      "version": "4.0.1",
      "resolved": "https://registry.npmmirror.com/@multiformats/base-x/-/base-x-4.0.1.tgz",
      "integrity": "sha512-eMk0b9ReBbV23xXU693TAIrLyeO5iTgBZGSJfpqriG8UkYvr/hC9u9pyMlAakDNHWmbhMZCDs6KQO0jzKD8OTw==",
      "license": "MIT"
    },
    "node_modules/@noble/ciphers": {
      "version": "0.4.1",
      "resolved": "https://registry.npmmirror.com/@noble/ciphers/-/ciphers-0.4.1.tgz",
      "integrity": "sha512-QCOA9cgf3Rc33owG0AYBB9wszz+Ul2kramWN8tXG44Gyciud/tbkEqvxRF/IpqQaBpRBNi9f4jdNxqB2CQCIXg==",
      "license": "MIT",
      "funding": {
        "url": "https://paulmillr.com/funding/"
      }
    },
    "node_modules/@noble/curves": {
      "version": "1.4.2",
      "resolved": "https://registry.npmmirror.com/@noble/curves/-/curves-1.4.2.tgz",
      "integrity": "sha512-TavHr8qycMChk8UwMld0ZDRvatedkzWfH8IiaeGCfymOP5i0hSCozz9vHOL0nkwk7HRMlFnAiKpS2jrUmSybcw==",
      "license": "MIT",
      "dependencies": {
        "@noble/hashes": "1.4.0"
      },
      "funding": {
        "url": "https://paulmillr.com/funding/"
      }
    },
    "node_modules/@noble/hashes": {
      "version": "1.4.0",
      "resolved": "https://registry.npmmirror.com/@noble/hashes/-/hashes-1.4.0.tgz",
      "integrity": "sha512-V1JJ1WTRUqHHrOSh597hURcMqVKVGL/ea3kv0gSnEdsEZ0/+VyPghM1lMNGc00z7CIQorSvbKpuJkxvuHbvdbg==",
      "license": "MIT",
      "engines": {
        "node": ">= 16"
      },
      "funding": {
        "url": "https://paulmillr.com/funding/"
      }
    },
    "node_modules/@scure/base": {
      "version": "1.1.7",
      "resolved": "https://registry.npmmirror.com/@scure/base/-/base-1.1.7.tgz",
      "integrity": "sha512-PPNYBslrLNNUQ/Yad37MHYsNQtK67EhWb6WtSvNLLPo7SdVZgkUjD6Dg+5On7zNwmskf8OX7I7Nx5oN+MIWE0g==",
      "license": "MIT",
      "funding": {
        "url": "https://paulmillr.com/funding/"
      }
    },
    "node_modules/@scure/bip32": {
      "version": "1.3.2",
      "resolved": "https://registry.npmmirror.com/@scure/bip32/-/bip32-1.3.2.tgz",
      "integrity": "sha512-N1ZhksgwD3OBlwTv3R6KFEcPojl/W4ElJOeCZdi+vuI5QmTFwLq3OFf2zd2ROpKvxFdgZ6hUpb0dx9bVNEwYCA==",
      "license": "MIT",
      "dependencies": {
        "@noble/curves": "~1.2.0",
        "@noble/hashes": "~1.3.2",
        "@scure/base": "~1.1.2"
      },
      "funding": {
        "url": "https://paulmillr.com/funding/"
      }
    },
    "node_modules/@scure/bip32/node_modules/@noble/curves": {
      "version": "1.2.0",
      "resolved": "https://registry.npmmirror.com/@noble/curves/-/curves-1.2.0.tgz",
      "integrity": "sha512-oYclrNgRaM9SsBUBVbb8M6DTV7ZHRTKugureoYEncY5c65HOmRzvSiTE3y5CYaPYJA/GVkrhXEoF0M3Ya9PMnw==",
      "license": "MIT",
      "dependencies": {
        "@noble/hashes": "1.3.2"
      },
      "funding": {
        "url": "https://paulmillr.com/funding/"
      }
    },
    "node_modules/@scure/bip32/node_modules/@noble/curves/node_modules/@noble/hashes": {
      "version": "1.3.2",
      "resolved": "https://registry.npmmirror.com/@noble/hashes/-/hashes-1.3.2.tgz",
      "integrity": "sha512-MVC8EAQp7MvEcm30KWENFjgR+Mkmf+D189XJTkFIlwohU5hcBbn1ZkKq7KVTi2Hme3PMGF390DaL52beVrIihQ==",
      "license": "MIT",
      "engines": {
        "node": ">= 16"
      },
      "funding": {
        "url": "https://paulmillr.com/funding/"
      }
    },
    "node_modules/@scure/bip32/node_modules/@noble/hashes": {
      "version": "1.3.3",
      "resolved": "https://registry.npmmirror.com/@noble/hashes/-/hashes-1.3.3.tgz",
      "integrity": "sha512-V7/fPHgl+jsVPXqqeOzT8egNj2iBIVt+ECeMMG8TdcnTikP3oaBtUVqpT/gYCR68aEBJSF+XbYUxStjbFMqIIA==",
      "license": "MIT",
      "engines": {
        "node": ">= 16"
      },
      "funding": {
        "url": "https://paulmillr.com/funding/"
      }
    },
    "node_modules/@scure/bip39": {
      "version": "1.2.1",
      "resolved": "https://registry.npmmirror.com/@scure/bip39/-/bip39-1.2.1.tgz",
      "integrity": "sha512-Z3/Fsz1yr904dduJD0NpiyRHhRYHdcnyh73FZWiV+/qhWi83wNJ3NWolYqCEN+ZWsUz2TWwajJggcRE9r1zUYg==",
      "license": "MIT",
      "dependencies": {
        "@noble/hashes": "~1.3.0",
        "@scure/base": "~1.1.0"
      },
      "funding": {
        "url": "https://paulmillr.com/funding/"
      }
    },
    "node_modules/@scure/bip39/node_modules/@noble/hashes": {
      "version": "1.3.3",
      "resolved": "https://registry.npmmirror.com/@noble/hashes/-/hashes-1.3.3.tgz",
      "integrity": "sha512-V7/fPHgl+jsVPXqqeOzT8egNj2iBIVt+ECeMMG8TdcnTikP3oaBtUVqpT/gYCR68aEBJSF+XbYUxStjbFMqIIA==",
      "license": "MIT",
      "engines": {
        "node": ">= 16"
      },
      "funding": {
        "url": "https://paulmillr.com/funding/"
      }
    },
    "node_modules/@stablelib/binary": {
      "version": "1.0.1",
      "resolved": "https://registry.npmmirror.com/@stablelib/binary/-/binary-1.0.1.tgz",
      "integrity": "sha512-ClJWvmL6UBM/wjkvv/7m5VP3GMr9t0osr4yVgLZsLCOz4hGN9gIAFEqnJ0TsSMAN+n840nf2cHZnA5/KFqHC7Q==",
      "license": "MIT",
      "dependencies": {
        "@stablelib/int": "^1.0.1"
      }
    },
    "node_modules/@stablelib/int": {
      "version": "1.0.1",
      "resolved": "https://registry.npmmirror.com/@stablelib/int/-/int-1.0.1.tgz",
      "integrity": "sha512-byr69X/sDtDiIjIV6m4roLVWnNNlRGzsvxw+agj8CIEazqWGOQp2dTYgQhtyVXV9wpO6WyXRQUzLV/JRNumT2w==",
      "license": "MIT"
    },
    "node_modules/@stablelib/random": {
      "version": "1.0.2",
      "resolved": "https://registry.npmmirror.com/@stablelib/random/-/random-1.0.2.tgz",
      "integrity": "sha512-rIsE83Xpb7clHPVRlBj8qNe5L8ISQOzjghYQm/dZ7VaM2KHYwMW5adjQjrzTZCchFnNCNhkwtnOBa9HTMJCI8w==",
      "license": "MIT",
      "dependencies": {
        "@stablelib/binary": "^1.0.1",
        "@stablelib/wipe": "^1.0.1"
      }
    },
    "node_modules/@stablelib/wipe": {
      "version": "1.0.1",
      "resolved": "https://registry.npmmirror.com/@stablelib/wipe/-/wipe-1.0.1.tgz",
      "integrity": "sha512-WfqfX/eXGiAd3RJe4VU2snh/ZPwtSjLG4ynQ/vYzvghTh7dHFcI1wl+nrkWG6lGhukOxOsUHfv8dUXr58D0ayg==",
      "license": "MIT"
    },
    "node_modules/abitype": {
      "version": "0.9.8",
      "resolved": "https://registry.npmmirror.com/abitype/-/abitype-0.9.8.tgz",
      "integrity": "sha512-puLifILdm+8sjyss4S+fsUN09obiT1g2YW6CtcQF+QDzxR0euzgEB29MZujC6zMk2a6SVmtttq1fc6+YFA7WYQ==",
      "funding": [
        {
          "type": "github",
          "url": "https://github.com/sponsors/wagmi-dev"
        }
      ],
      "license": "MIT",
      "peerDependencies": {
        "typescript": ">=5.0.4",
        "zod": "^3 >=3.19.1"
      },
      "peerDependenciesMeta": {
        "typescript": {
          "optional": true
        },
        "zod": {
          "optional": true
        }
      }
    },
    "node_modules/caip": {
      "version": "1.1.1",
      "resolved": "https://registry.npmmirror.com/caip/-/caip-1.1.1.tgz",
      "integrity": "sha512-a3v5lteUUOoyRI0U6qe5ayCCGkF2mCmJ5zQMDnOD2vRjgRg6sm9p8TsRC2h4D4beyqRN9RYniphAPnj/+jQC6g==",
      "license": "MIT"
    },
    "node_modules/canonicalize": {
      "version": "2.0.0",
      "resolved": "https://registry.npmmirror.com/canonicalize/-/canonicalize-2.0.0.tgz",
      "integrity": "sha512-ulDEYPv7asdKvqahuAY35c1selLdzDwHqugK92hfkzvlDCwXRRelDkR+Er33md/PtnpqHemgkuDPanZ4fiYZ8w==",
      "license": "Apache-2.0"
    },
    "node_modules/cborg": {
      "version": "4.2.3",
      "resolved": "https://registry.npmmirror.com/cborg/-/cborg-4.2.3.tgz",
      "integrity": "sha512-XBFbEJ6WMfn9L7woc2t+EzOxF8vGqddoopKBbrhIvZBt2WIUgSlT8xLmM6Aq1xv8eWt4yOSjwxWjYeuHU3CpJA==",
      "license": "Apache-2.0",
      "bin": {
        "cborg": "lib/bin.js"
      }
    },
    "node_modules/codeco": {
      "version": "1.3.4",
      "resolved": "https://registry.npmmirror.com/codeco/-/codeco-1.3.4.tgz",
      "integrity": "sha512-OoswNXJP8DcGBk7KyPeZVqxNSI4W283n+fLsy8ItKK1mz7arj0mKe2QmqzkNXVjVRSI/8H4c3gJHq0QFhjtxyg==",
      "license": "(MIT OR Apache-2.0)"
    },
    "node_modules/dag-jose-utils": {
      "version": "4.0.0",
      "resolved": "https://registry.npmmirror.com/dag-jose-utils/-/dag-jose-utils-4.0.0.tgz",
      "integrity": "sha512-bmmXtVdEKp/zYH8El4GGkMREJioUztz8fzOErfy5dTbyKIVOF61C5sfsZLYCB/wiT/I9+SPNrQeo/Cx6Ik3wJQ==",
      "license": "(Apache-2.0 OR MIT)",
      "dependencies": {
        "@ipld/dag-cbor": "^9.0.7",
        "multiformats": "^13.0.0"
      }
    },
    "node_modules/did-jwt": {
      "version": "7.4.7",
      "resolved": "https://registry.npmmirror.com/did-jwt/-/did-jwt-7.4.7.tgz",
      "integrity": "sha512-Apz7nIfIHSKWIMaEP5L/K8xkwByvjezjTG0xiqwKdnNj1x8M0+Yasury5Dm/KPltxi2PlGfRPf3IejRKZrT8mQ==",
      "license": "Apache-2.0",
      "dependencies": {
        "@noble/ciphers": "^0.4.0",
        "@noble/curves": "^1.0.0",
        "@noble/hashes": "^1.3.0",
        "@scure/base": "^1.1.3",
        "canonicalize": "^2.0.0",
        "did-resolver": "^4.1.0",
        "multibase": "^4.0.6",
        "multiformats": "^9.6.2",
        "uint8arrays": "3.1.1"
      }
    },
    "node_modules/did-jwt/node_modules/multiformats": {
      "version": "9.9.0",
      "resolved": "https://registry.npmmirror.com/multiformats/-/multiformats-9.9.0.tgz",
      "integrity": "sha512-HoMUjhH9T8DDBNT+6xzkrd9ga/XiBI4xLr58LJACwK6G3HTOPeMz4nB4KJs33L2BelrIJa7P0VuNaVF3hMYfjg==",
      "license": "(Apache-2.0 AND MIT)"
    },
    "node_modules/did-jwt/node_modules/uint8arrays": {
      "version": "3.1.1",
      "resolved": "https://registry.npmmirror.com/uint8arrays/-/uint8arrays-3.1.1.tgz",
      "integrity": "sha512-+QJa8QRnbdXVpHYjLoTpJIdCTiw9Ir62nocClWuXIq2JIh4Uta0cQsTSpFL678p2CN8B+XSApwcU+pQEqVpKWg==",
      "license": "MIT",
      "dependencies": {
        "multiformats": "^9.4.2"
      }
    },
    "node_modules/did-resolver": {
      "version": "4.1.0",
      "resolved": "https://registry.npmmirror.com/did-resolver/-/did-resolver-4.1.0.tgz",
      "integrity": "sha512-S6fWHvCXkZg2IhS4RcVHxwuyVejPR7c+a4Go0xbQ9ps5kILa8viiYQgrM4gfTyeTjJ0ekgJH9gk/BawTpmkbZA==",
      "license": "Apache-2.0"
    },
    "node_modules/dids": {
      "version": "5.0.2",
      "resolved": "https://registry.npmmirror.com/dids/-/dids-5.0.2.tgz",
      "integrity": "sha512-sxTgrvJtatqdm7dukGbquk23BVvbiaxf3nTKywWaY9AUqwC2IYEo6FG0En2cMl3J1fqMMQXrGg9luh2xDmYOmw==",
      "license": "(Apache-2.0 OR MIT)",
      "dependencies": {
        "@didtools/cacao": "^3.0.1",
        "@didtools/codecs": "^3.0.0",
        "@didtools/pkh-ethereum": "^0.5.0",
        "@stablelib/random": "^1.0.2",
        "codeco": "^1.2.0",
        "dag-jose-utils": "^4.0.0",
        "did-jwt": "^7.4.7",
        "did-resolver": "^4.1.0",
        "multiformats": "^13.0.0",
        "rpc-utils": "^0.6.2",
        "uint8arrays": "^5.0.1"
      },
      "engines": {
        "node": ">=14.14"
      }
    },
    "node_modules/fast-json-stable-stringify": {
      "version": "2.1.0",
      "resolved": "https://registry.npmmirror.com/fast-json-stable-stringify/-/fast-json-stable-stringify-2.1.0.tgz",
      "integrity": "sha512-lhd/wF+Lk98HZoTCtlVraHtfh5XYijIjalXck7saUtuanSDyLMxnHhSXEDJqHxD7msR8D0uCmqlkwjCV8xvwHw==",
      "license": "MIT"
    },
    "node_modules/isows": {
      "version": "1.0.3",
      "resolved": "https://registry.npmmirror.com/isows/-/isows-1.0.3.tgz",
      "integrity": "sha512-2cKei4vlmg2cxEjm3wVSqn8pcoRF/LX/wpifuuNquFO4SQmPwarClT+SUCA2lt+l581tTeZIPIZuIDo2jWN1fg==",
      "funding": [
        {
          "type": "github",
          "url": "https://github.com/sponsors/wagmi-dev"
        }
      ],
      "license": "MIT",
      "peerDependencies": {
        "ws": "*"
      }
    },
    "node_modules/key-did-provider-ed25519": {
      "version": "4.0.2",
      "resolved": "https://registry.npmmirror.com/key-did-provider-ed25519/-/key-did-provider-ed25519-4.0.2.tgz",
      "integrity": "sha512-bnnRGuuUtylKGMVmgXVSoGccBg87roFi6xy5dQmTgNqnCmrxBBUatYoVimcnA+SGCFqi2qk6B9dD10Ed4rTZPg==",
      "license": "(Apache-2.0 OR MIT)",
      "dependencies": {
        "@noble/curves": "^1.3.0",
        "did-jwt": "^7.4.7",
        "dids": "^5.0.2",
        "fast-json-stable-stringify": "^2.1.0",
        "rpc-utils": "^0.6.2",
        "uint8arrays": "^5.0.1"
      },
      "engines": {
        "node": ">=14.14"
      }
    },
    "node_modules/key-did-resolver": {
      "version": "4.0.0",
      "resolved": "https://registry.npmmirror.com/key-did-resolver/-/key-did-resolver-4.0.0.tgz",
      "integrity": "sha512-+U2nd/0rjO4Yqe2hnHBD7ygcLRfT43Oje9IIjv1BlBi0lopwxZpIFQ7GekguOHK02r+JGdl8mpJVNHs5lvXVOA==",
      "license": "(Apache-2.0 OR MIT)",
      "dependencies": {
        "@noble/curves": "^1.2.0",
        "multiformats": "^13.0.0",
        "uint8arrays": "^5.0.1",
        "varint": "^6.0.0"
      },
      "engines": {
        "node": ">=14.14"
      }
    },
    "node_modules/multibase": {
      "version": "4.0.6",
      "resolved": "https://registry.npmmirror.com/multibase/-/multibase-4.0.6.tgz",
      "integrity": "sha512-x23pDe5+svdLz/k5JPGCVdfn7Q5mZVMBETiC+ORfO+sor9Sgs0smJzAjfTbM5tckeCqnaUuMYoz+k3RXMmJClQ==",
      "deprecated": "This module has been superseded by the multiformats module",
      "license": "MIT",
      "dependencies": {
        "@multiformats/base-x": "^4.0.1"
      },
      "engines": {
        "node": ">=12.0.0",
        "npm": ">=6.0.0"
      }
    },
    "node_modules/multiformats": {
      "version": "13.2.2",
      "resolved": "https://registry.npmmirror.com/multiformats/-/multiformats-13.2.2.tgz",
      "integrity": "sha512-RWI+nyf0q64vyOxL8LbKtjJMki0sogRL/8axvklNtiTM0iFCVtHwME9w6+0P1/v4dQvsIg8A45oT3ka1t/M/+A==",
      "license": "Apache-2.0 OR MIT"
    },
    "node_modules/nanoid": {
      "version": "3.3.7",
      "resolved": "https://registry.npmmirror.com/nanoid/-/nanoid-3.3.7.tgz",
      "integrity": "sha512-eSRppjcPIatRIMC1U6UngP8XFcz8MQWGQdt1MTBQ7NaAmvXDfvNxbvWV3x2y6CdEUciCSsDHDQZbhYaB8QEo2g==",
      "funding": [
        {
          "type": "github",
          "url": "https://github.com/sponsors/ai"
        }
      ],
      "license": "MIT",
      "bin": {
        "nanoid": "bin/nanoid.cjs"
      },
      "engines": {
        "node": "^10 || ^12 || ^13.7 || ^14 || >=15.0.1"
      }
    },
    "node_modules/rpc-utils": {
      "version": "0.6.2",
      "resolved": "https://registry.npmmirror.com/rpc-utils/-/rpc-utils-0.6.2.tgz",
      "integrity": "sha512-kzk1OflbBckfDBAo8JwsmtQSHzj+6hxRt5G+u8A8ZSmunBw1nhWvRkSq8j1+EvWBqBRLy1aiGLUW5644CZqQtA==",
      "license": "(Apache-2.0 OR MIT)",
      "dependencies": {
        "nanoid": "^3.3.1"
      },
      "engines": {
        "node": ">=14.14"
      }
    },
    "node_modules/uint8arrays": {
      "version": "5.1.0",
      "resolved": "https://registry.npmmirror.com/uint8arrays/-/uint8arrays-5.1.0.tgz",
      "integrity": "sha512-vA6nFepEmlSKkMBnLBaUMVvAC4G3CTmO58C12y4sq6WPDOR7mOFYOi7GlrQ4djeSbP6JG9Pv9tJDM97PedRSww==",
      "license": "Apache-2.0 OR MIT",
      "dependencies": {
        "multiformats": "^13.0.0"
      }
    },
    "node_modules/varint": {
      "version": "6.0.0",
      "resolved": "https://registry.npmmirror.com/varint/-/varint-6.0.0.tgz",
      "integrity": "sha512-cXEIW6cfr15lFv563k4GuVuW/fiwjknytD37jIOLSdSWuOI6WnO/oKwmP2FQTU2l01LP8/M5TSAJpzUaGe3uWg==",
      "license": "MIT"
    },
    "node_modules/viem": {
      "version": "1.21.4",
      "resolved": "https://registry.npmmirror.com/viem/-/viem-1.21.4.tgz",
      "integrity": "sha512-BNVYdSaUjeS2zKQgPs+49e5JKocfo60Ib2yiXOWBT6LuVxY1I/6fFX3waEtpXvL1Xn4qu+BVitVtMh9lyThyhQ==",
      "funding": [
        {
          "type": "github",
          "url": "https://github.com/sponsors/wevm"
        }
      ],
      "license": "MIT",
      "dependencies": {
        "@adraffy/ens-normalize": "1.10.0",
        "@noble/curves": "1.2.0",
        "@noble/hashes": "1.3.2",
        "@scure/bip32": "1.3.2",
        "@scure/bip39": "1.2.1",
        "abitype": "0.9.8",
        "isows": "1.0.3",
        "ws": "8.13.0"
      },
      "peerDependencies": {
        "typescript": ">=5.0.4"
      },
      "peerDependenciesMeta": {
        "typescript": {
          "optional": true
        }
      }
    },
    "node_modules/viem/node_modules/@noble/curves": {
      "version": "1.2.0",
      "resolved": "https://registry.npmmirror.com/@noble/curves/-/curves-1.2.0.tgz",
      "integrity": "sha512-oYclrNgRaM9SsBUBVbb8M6DTV7ZHRTKugureoYEncY5c65HOmRzvSiTE3y5CYaPYJA/GVkrhXEoF0M3Ya9PMnw==",
      "license": "MIT",
      "dependencies": {
        "@noble/hashes": "1.3.2"
      },
      "funding": {
        "url": "https://paulmillr.com/funding/"
      }
    },
    "node_modules/viem/node_modules/@noble/hashes": {
      "version": "1.3.2",
      "resolved": "https://registry.npmmirror.com/@noble/hashes/-/hashes-1.3.2.tgz",
      "integrity": "sha512-MVC8EAQp7MvEcm30KWENFjgR+Mkmf+D189XJTkFIlwohU5hcBbn1ZkKq7KVTi2Hme3PMGF390DaL52beVrIihQ==",
      "license": "MIT",
      "engines": {
        "node": ">= 16"
      },
      "funding": {
        "url": "https://paulmillr.com/funding/"
      }
    },
    "node_modules/ws": {
      "version": "8.13.0",
      "resolved": "https://registry.npmmirror.com/ws/-/ws-8.13.0.tgz",
      "integrity": "sha512-x9vcZYTrFPC7aSIbj7sRCYo7L/Xb8Iy+pW0ng0wt2vCJv7M9HOMy0UoN3rr+IFC7hb7vXoqS+P9ktyLLLhO+LA==",
      "license": "MIT",
      "engines": {
        "node": ">=10.0.0"
      },
      "peerDependencies": {
        "bufferutil": "^4.0.1",
        "utf-8-validate": ">=5.0.2"
      },
      "peerDependenciesMeta": {
        "bufferutil": {
          "optional": true
        },
        "utf-8-validate": {
          "optional": true
        }
      }
    }
  }
}
