{
  "name": "bpmn-engine",
  "lockfileVersion": 3,
  "requires": true,
  "packages": {
    "": {
      "dependencies": {
        "bpmn-engine": "^25.0.0"
      }
    },
    "node_modules/@0dep/piso": {
      "version": "2.5.0",
      "resolved": "https://registry.npmmirror.com/@0dep/piso/-/piso-2.5.0.tgz",
      "integrity": "sha512-3bkF6fcgwo+VumhBYUXpREicWewFaLELDEBP79pTCFCcBDC3LvyxK3ZGu+yuZhoGNbfhRIprOK9Uhapdax7AnQ==",
      "license": "MIT",
      "engines": {
        "node": ">=14"
      }
    },
    "node_modules/bpmn-elements": {
      "version": "17.2.0",
      "resolved": "https://registry.npmmirror.com/bpmn-elements/-/bpmn-elements-17.2.0.tgz",
      "integrity": "sha512-BVyfHvaIZ/H3BNdLC82+CuRBSd/5w0hjj10+Kr7cfwh1d4dOXqEuLQam69Jld/rFfB5k2e3m+zoUVTwUI470gg==",
      "license": "MIT",
      "dependencies": {
        "@0dep/piso": "^2.4.0",
        "smqp": "^10.0.0"
      }
    },
    "node_modules/bpmn-engine": {
      "version": "25.0.0",
      "resolved": "https://registry.npmmirror.com/bpmn-engine/-/bpmn-engine-25.0.0.tgz",
      "integrity": "sha512-Hagny4qQ+ZxDzUV+8yfOLj1AnaTWb8B3HQitdmd06yF5AqngjdWcxcAUjiZ65xX8aeNjyR69PsAnDDWzcxx6XA==",
      "license": "MIT",
      "dependencies": {
        "bpmn-elements": "^17.0.0",
        "bpmn-moddle": "^9.0.1",
        "debug": "^4.3.7",
        "moddle-context-serializer": "^4.3.0"
      },
      "engines": {
        "node": ">=18"
      },
      "peerDependencies": {
        "smqp": ">=9"
      }
    },
    "node_modules/bpmn-moddle": {
      "version": "9.0.2",
      "resolved": "https://registry.npmmirror.com/bpmn-moddle/-/bpmn-moddle-9.0.2.tgz",
      "integrity": "sha512-HXWMJ+UZSm2PeBS9FuY713AB6Pjwbzp6l2ncWdUpuPrQVGdtcsS/FIK5P3CVQKR8LYrf0BUaM+ID+0Xu7PdsIw==",
      "license": "MIT",
      "dependencies": {
        "min-dash": "^4.2.1",
        "moddle": "^7.0.0",
        "moddle-xml": "^11.0.0"
      },
      "engines": {
        "node": ">= 18"
      }
    },
    "node_modules/debug": {
      "version": "4.4.1",
      "resolved": "https://registry.npmmirror.com/debug/-/debug-4.4.1.tgz",
      "integrity": "sha512-KcKCqiftBJcZr++7ykoDIEwSa3XWowTfNPo92BYxjXiyYEVrUQh2aLyhxBCwww+heortUFxEJYcRzosstTEBYQ==",
      "license": "MIT",
      "dependencies": {
        "ms": "^2.1.3"
      },
      "engines": {
        "node": ">=6.0"
      },
      "peerDependenciesMeta": {
        "supports-color": {
          "optional": true
        }
      }
    },
    "node_modules/min-dash": {
      "version": "4.2.3",
      "resolved": "https://registry.npmmirror.com/min-dash/-/min-dash-4.2.3.tgz",
      "integrity": "sha512-VLMYQI5+FcD9Ad24VcB08uA83B07OhueAlZ88jBK6PyupTvEJwllTMUqMy0wPGYs7pZUEtEEMWdHB63m3LtEcg==",
      "license": "MIT"
    },
    "node_modules/moddle": {
      "version": "7.2.0",
      "resolved": "https://registry.npmmirror.com/moddle/-/moddle-7.2.0.tgz",
      "integrity": "sha512-x1+JREThy7JBOBR3g2hbOnOfrlC/YAWXX9RzrSZS5HhqeuBly9H/PCtOBtcQs+Y2sjRAXF+WTNSgHvn8Uq+6Yw==",
      "license": "MIT",
      "dependencies": {
        "min-dash": "^4.2.1"
      }
    },
    "node_modules/moddle-context-serializer": {
      "version": "4.4.0",
      "resolved": "https://registry.npmmirror.com/moddle-context-serializer/-/moddle-context-serializer-4.4.0.tgz",
      "integrity": "sha512-N+/RDuaCn9QqfeFy3PngwKqT7NxHziGMYJo3W3fYW45amm62jxRV9jUxVKFRb2FY4Jhhi7C9S4sKqa6zXT+p6w==",
      "license": "MIT",
      "peerDependencies": {
        "bpmn-moddle": ">=6"
      }
    },
    "node_modules/moddle-xml": {
      "version": "11.0.0",
      "resolved": "https://registry.npmmirror.com/moddle-xml/-/moddle-xml-11.0.0.tgz",
      "integrity": "sha512-L3Sseepfcq9Uy0iIfqEDTXSoYLva1Y/JGbN/4AMOeQ6cqbu8Ma/SDJIdOFm7smsAa64j2z3SwCGG3FIilQVnUg==",
      "license": "MIT",
      "dependencies": {
        "min-dash": "^4.0.0",
        "saxen": "^10.0.0"
      },
      "engines": {
        "node": ">= 18"
      },
      "peerDependencies": {
        "moddle": ">= 6.2.0"
      }
    },
    "node_modules/ms": {
      "version": "2.1.3",
      "resolved": "https://registry.npmmirror.com/ms/-/ms-2.1.3.tgz",
      "integrity": "sha512-6FlzubTLZG3J2a/NVCAleEhjzq5oxgHyaCU9yYXvcLsvoVaHJq/s5xXI6/XXP6tz7R9xAOtHnSO/tXtF3WRTlA==",
      "license": "MIT"
    },
    "node_modules/saxen": {
      "version": "10.0.0",
      "resolved": "https://registry.npmmirror.com/saxen/-/saxen-10.0.0.tgz",
      "integrity": "sha512-RXsmWok/SAWqOG/f5ADEz51DN9WtZEzqih3e08ranldcaXekxjx8NBKjGh/y5hlowjo0JH/LekBu6gtPFD1G6g==",
      "license": "MIT",
      "engines": {
        "node": ">= 18"
      }
    },
    "node_modules/smqp": {
      "version": "10.0.1",
      "resolved": "https://registry.npmmirror.com/smqp/-/smqp-10.0.1.tgz",
      "integrity": "sha512-Ny8q+G0fti0sG3eOBWWWjWHwrFfb9xNChqsAZiI8ykVw590H9I7KKRyF7hGnJAetJage/4PhXpHQJyuz075ijg==",
      "license": "MIT"
    }
  }
}
